
Microsoft Visual Studio Solution File, Format Version 12.00
# Visual Studio Version 16
VisualStudioVersion = 16.0.31321.278
MinimumVisualStudioVersion = 10.0.40219.1
Project("{FAE04EC0-301F-11D3-BF4B-00C04F79EFBC}") = "Webdaugia", "Webdaugia\Webdaugia.csproj", "{CD940A0A-C3C5-4626-AF12-B8A7CA96AB0C}"
EndProject
Global
	GlobalSection(SolutionConfigurationPlatforms) = preSolution
		Debug|Any CPU = Debug|Any CPU
		Release|Any CPU = Release|Any CPU
	EndGlobalSection
	GlobalSection(ProjectConfigurationPlatforms) = postSolution
		{CD940A0A-C3C5-4626-AF12-B8A7CA96AB0C}.Debug|Any CPU.ActiveCfg = Debug|Any CPU
		{CD940A0A-C3C5-4626-AF12-B8A7CA96AB0C}.Debug|Any CPU.Build.0 = Debug|Any CPU
		{CD940A0A-C3C5-4626-AF12-B8A7CA96AB0C}.Release|Any CPU.ActiveCfg = Release|Any CPU
		{CD940A0A-C3C5-4626-AF12-B8A7CA96AB0C}.Release|Any CPU.Build.0 = Release|Any CPU
	EndGlobalSection
	GlobalSection(SolutionProperties) = preSolution
		HideSolutionNode = FALSE
	EndGlobalSection
	GlobalSection(ExtensibilityGlobals) = postSolution
		SolutionGuid = {DB33569E-28E9-4C8B-B67F-9E213B153527}
	EndGlobalSection
EndGlobal
